
Microsoft Visual Studio Solution File, Format Version 12.00
# Visual Studio for Mac
Project("{FAE04EC0-301F-11D3-BF4B-00C04F79EFBC}") = "Assembly-CSharp", "Assembly-CSharp.csproj", "{5A050F65-D930-B83A-F39F-05967BDF10F1}"
EndProject
Project("{FAE04EC0-301F-11D3-BF4B-00C04F79EFBC}") = "Assembly-CSharp-Editor", "Assembly-CSharp-Editor.csproj", "{BE3DD72E-0272-217E-01B4-1BEA237F5CB0}"
EndProject
Global
	GlobalSection(SolutionConfigurationPlatforms) = preSolution
		Debug|Any CPU = Debug|Any CPU
		Release|Any CPU = Release|Any CPU
	EndGlobalSection
	GlobalSection(ProjectConfigurationPlatforms) = postSolution
		{5A050F65-D930-B83A-F39F-05967BDF10F1}.Debug|Any CPU.ActiveCfg = Debug|Any CPU
		{5A050F65-D930-B83A-F39F-05967BDF10F1}.Debug|Any CPU.Build.0 = Debug|Any CPU
		{5A050F65-D930-B83A-F39F-05967BDF10F1}.Release|Any CPU.ActiveCfg = Release|Any CPU
		{5A050F65-D930-B83A-F39F-05967BDF10F1}.Release|Any CPU.Build.0 = Release|Any CPU
		{BE3DD72E-0272-217E-01B4-1BEA237F5CB0}.Debug|Any CPU.ActiveCfg = Debug|Any CPU
		{BE3DD72E-0272-217E-01B4-1BEA237F5CB0}.Debug|Any CPU.Build.0 = Debug|Any CPU
		{BE3DD72E-0272-217E-01B4-1BEA237F5CB0}.Release|Any CPU.ActiveCfg = Release|Any CPU
		{BE3DD72E-0272-217E-01B4-1BEA237F5CB0}.Release|Any CPU.Build.0 = Release|Any CPU
	EndGlobalSection
	GlobalSection(SolutionProperties) = preSolution
		HideSolutionNode = FALSE
	EndGlobalSection
EndGlobal
